# THIS IS AN AUTOGENERATED FILE. DO NOT EDIT THIS FILE DIRECTLY.
# yarn lockfile v1


"@highpoint/js-fetch@^0.1.2":
  version "0.1.2"
  resolved "https://registry.yarnpkg.com/@highpoint/js-fetch/-/js-fetch-0.1.2.tgz#8feb7af114fc4203ec7712e3647f8c0d6c7e1b3e"

bs-platform@^4.0.2:
  version "4.0.2"
  resolved "https://registry.yarnpkg.com/bs-platform/-/bs-platform-4.0.2.tgz#ee80f4948f5db0533df667612a53d9a52837cf24"
